// !$*UTF8*$!
{
	archiveVersion = 1;
	classes = {
	};
	objectVersion = 50;
	objects = {

/* Begin PBXBuildFile section */
		884737EC2423FFB400DC7952 /* AppDelegate.swift in Sources */ = {isa = PBXBuildFile; fileRef = 884737EB2423FFB400DC7952 /* AppDelegate.swift */; };
		884737EE2423FFB400DC7952 /* SceneDelegate.swift in Sources */ = {isa = PBXBuildFile; fileRef = 884737ED2423FFB400DC7952 /* SceneDelegate.swift */; };
		884737F02423FFB400DC7952 /* ViewController.swift in Sources */ = {isa = PBXBuildFile; fileRef = 884737EF2423FFB400DC7952 /* ViewController.swift */; };
		884737F32423FFB400DC7952 /* Main.storyboard in Resources */ = {isa = PBXBuildFile; fileRef = 884737F12423FFB400DC7952 /* Main.storyboard */; };
		884737F52423FFB800DC7952 /* Assets.xcassets in Resources */ = {isa = PBXBuildFile; fileRef = 884737F42423FFB800DC7952 /* Assets.xcassets */; };
		884737F82423FFB800DC7952 /* LaunchScreen.storyboard in Resources */ = {isa = PBXBuildFile; fileRef = 884737F62423FFB800DC7952 /* LaunchScreen.storyboard */; };
/* End PBXBuildFile section */

/* Begin PBXContainerItemProxy section */
		884738052424007500DC7952 /* PBXContainerItemProxy */ = {
			isa = PBXContainerItemProxy;
			containerPortal = 884738002424007500DC7952 /* StringAttributesBuilder.xcodeproj */;
			proxyType = 2;
			remoteGlobalIDString = 884737BC2423F11100DC7952;
			remoteInfo = StringAttributesBuilder;
		};
		884738072424007500DC7952 /* PBXContainerItemProxy */ = {
			isa = PBXContainerItemProxy;
			containerPortal = 884738002424007500DC7952 /* StringAttributesBuilder.xcodeproj */;
			proxyType = 2;
			remoteGlobalIDString = 884737C52423F11100DC7952;
			remoteInfo = StringAttributesBuilderTests;
		};
		88473809242400DF00DC7952 /* PBXContainerItemProxy */ = {
			isa = PBXContainerItemProxy;
			containerPortal = 884738002424007500DC7952 /* StringAttributesBuilder.xcodeproj */;
			proxyType = 1;
			remoteGlobalIDString = 884737BB2423F11100DC7952;
			remoteInfo = StringAttributesBuilder;
		};
/* End PBXContainerItemProxy section */

/* Begin PBXFileReference section */
		884737E82423FFB400DC7952 /* Example.app */ = {isa = PBXFileReference; explicitFileType = wrapper.application; includeInIndex = 0; path = Example.app; sourceTree = BUILT_PRODUCTS_DIR; };
		884737EB2423FFB400DC7952 /* AppDelegate.swift */ = {isa = PBXFileReference; lastKnownFileType = sourcecode.swift; path = AppDelegate.swift; sourceTree = "<group>"; };
		884737ED2423FFB400DC7952 /* SceneDelegate.swift */ = {isa = PBXFileReference; lastKnownFileType = sourcecode.swift; path = SceneDelegate.swift; sourceTree = "<group>"; };
		884737EF2423FFB400DC7952 /* ViewController.swift */ = {isa = PBXFileReference; lastKnownFileType = sourcecode.swift; path = ViewController.swift; sourceTree = "<group>"; };
		884737F22423FFB400DC7952 /* Base */ = {isa = PBXFileReference; lastKnownFileType = file.storyboard; name = Base; path = Base.lproj/Main.storyboard; sourceTree = "<group>"; };
		884737F42423FFB800DC7952 /* Assets.xcassets */ = {isa = PBXFileReference; lastKnownFileType = folder.assetcatalog; path = Assets.xcassets; sourceTree = "<group>"; };
		884737F72423FFB800DC7952 /* Base */ = {isa = PBXFileReference; lastKnownFileType = file.storyboard; name = Base; path = Base.lproj/LaunchScreen.storyboard; sourceTree = "<group>"; };
		884737F92423FFB800DC7952 /* Info.plist */ = {isa = PBXFileReference; lastKnownFileType = text.plist.xml; path = Info.plist; sourceTree = "<group>"; };
		884738002424007500DC7952 /* StringAttributesBuilder.xcodeproj */ = {isa = PBXFileReference; lastKnownFileType = "wrapper.pb-project"; name = StringAttributesBuilder.xcodeproj; path = ../../StringAttributesBuilder.xcodeproj; sourceTree = "<group>"; };
/* End PBXFileReference section */

/* Begin PBXFrameworksBuildPhase section */
		884737E52423FFB400DC7952 /* Frameworks */ = {
			isa = PBXFrameworksBuildPhase;
			buildActionMask = 2147483647;
			files = (
			);
			runOnlyForDeploymentPostprocessing = 0;
		};
/* End PBXFrameworksBuildPhase section */

/* Begin PBXGroup section */
		884737DF2423FFB400DC7952 = {
			isa = PBXGroup;
			children = (
				884737EA2423FFB400DC7952 /* Example */,
				884737E92423FFB400DC7952 /* Products */,
				884738002424007500DC7952 /* StringAttributesBuilder.xcodeproj */,
			);
			sourceTree = "<group>";
		};
		884737E92423FFB400DC7952 /* Products */ = {
			isa = PBXGroup;
			children = (
				884737E82423FFB400DC7952 /* Example.app */,
			);
			name = Products;
			sourceTree = "<group>";
		};
		884737EA2423FFB400DC7952 /* Example */ = {
			isa = PBXGroup;
			children = (
				884737EB2423FFB400DC7952 /* AppDelegate.swift */,
				884737ED2423FFB400DC7952 /* SceneDelegate.swift */,
				884737EF2423FFB400DC7952 /* ViewController.swift */,
				884737F12423FFB400DC7952 /* Main.storyboard */,
				884737F42423FFB800DC7952 /* Assets.xcassets */,
				884737F62423FFB800DC7952 /* LaunchScreen.storyboard */,
				884737F92423FFB800DC7952 /* Info.plist */,
			);
			path = Example;
			sourceTree = "<group>";
		};
		884738012424007500DC7952 /* Products */ = {
			isa = PBXGroup;
			children = (
				884738062424007500DC7952 /* StringAttributesBuilder.framework */,
				884738082424007500DC7952 /* StringAttributesBuilderTests.xctest */,
			);
			name = Products;
			sourceTree = "<group>";
		};
/* End PBXGroup section */

/* Begin PBXNativeTarget section */
		884737E72423FFB400DC7952 /* Example */ = {
			isa = PBXNativeTarget;
			buildConfigurationList = 884737FC2423FFB800DC7952 /* Build configuration list for PBXNativeTarget "Example" */;
			buildPhases = (
				884737E42423FFB400DC7952 /* Sources */,
				884737E52423FFB400DC7952 /* Frameworks */,
				884737E62423FFB400DC7952 /* Resources */,
			);
			buildRules = (
			);
			dependencies = (
				8847380A242400DF00DC7952 /* PBXTargetDependency */,
			);
			name = Example;
			productName = Example;
			productReference = 884737E82423FFB400DC7952 /* Example.app */;
			productType = "com.apple.product-type.application";
		};
/* End PBXNativeTarget section */

/* Begin PBXProject section */
		884737E02423FFB400DC7952 /* Project object */ = {
			isa = PBXProject;
			attributes = {
				LastSwiftUpdateCheck = 1130;
				LastUpgradeCheck = 1130;
				ORGANIZATIONNAME = Arzhannikov;
				TargetAttributes = {
					884737E72423FFB400DC7952 = {
						CreatedOnToolsVersion = 11.3.1;
					};
				};
			};
			buildConfigurationList = 884737E32423FFB400DC7952 /* Build configuration list for PBXProject "Example" */;
			compatibilityVersion = "Xcode 9.3";
			developmentRegion = en;
			hasScannedForEncodings = 0;
			knownRegions = (
				en,
				Base,
			);
			mainGroup = 884737DF2423FFB400DC7952;
			productRefGroup = 884737E92423FFB400DC7952 /* Products */;
			projectDirPath = "";
			projectReferences = (
				{
					ProductGroup = 884738012424007500DC7952 /* Products */;
					ProjectRef = 884738002424007500DC7952 /* StringAttributesBuilder.xcodeproj */;
				},
			);
			projectRoot = "";
			targets = (
				884737E72423FFB400DC7952 /* Example */,
			);
		};
/* End PBXProject section */

/* Begin PBXReferenceProxy section */
		884738062424007500DC7952 /* StringAttributesBuilder.framework */ = {
			isa = PBXReferenceProxy;
			fileType = wrapper.framework;
			path = StringAttributesBuilder.framework;
			remoteRef = 884738052424007500DC7952 /* PBXContainerItemProxy */;
			sourceTree = BUILT_PRODUCTS_DIR;
		};
		884738082424007500DC7952 /* StringAttributesBuilderTests.xctest */ = {
			isa = PBXReferenceProxy;
			fileType = wrapper.cfbundle;
			path = StringAttributesBuilderTests.xctest;
			remoteRef = 884738072424007500DC7952 /* PBXContainerItemProxy */;
			sourceTree = BUILT_PRODUCTS_DIR;
		};
/* End PBXReferenceProxy section */

/* Begin PBXResourcesBuildPhase section */
		884737E62423FFB400DC7952 /* Resources */ = {
			isa = PBXResourcesBuildPhase;
			buildActionMask = 2147483647;
			files = (
				884737F82423FFB800DC7952 /* LaunchScreen.storyboard in Resources */,
				884737F52423FFB800DC7952 /* Assets.xcassets in Resources */,
				884737F32423FFB400DC7952 /* Main.storyboard in Resources */,
			);
			runOnlyForDeploymentPostprocessing = 0;
		};
/* End PBXResourcesBuildPhase section */

/* Begin PBXSourcesBuildPhase section */
		884737E42423FFB400DC7952 /* Sources */ = {
			isa = PBXSourcesBuildPhase;
			buildActionMask = 2147483647;
			files = (
				884737F02423FFB400DC7952 /* ViewController.swift in Sources */,
				884737EC2423FFB400DC7952 /* AppDelegate.swift in Sources */,
				884737EE2423FFB400DC7952 /* SceneDelegate.swift in Sources */,
			);
			runOnlyForDeploymentPostprocessing = 0;
		};
/* End PBXSourcesBuildPhase section */

/* Begin PBXTargetDependency section */
		8847380A242400DF00DC7952 /* PBXTargetDependency */ = {
			isa = PBXTargetDependency;
			name = StringAttributesBuilder;
			targetProxy = 88473809242400DF00DC7952 /* PBXContainerItemProxy */;
		};
/* End PBXTargetDependency section */

/* Begin PBXVariantGroup section */
		884737F12423FFB400DC7952 /* Main.storyboard */ = {
			isa = PBXVariantGroup;
			children = (
				884737F22423FFB400DC7952 /* Base */,
			);
			name = Main.storyboard;
			sourceTree = "<group>";
		};
		884737F62423FFB800DC7952 /* LaunchScreen.storyboard */ = {
			isa = PBXVariantGroup;
			children = (
				884737F72423FFB800DC7952 /* Base */,
			);
			name = LaunchScreen.storyboard;
			sourceTree = "<group>";
		};
/* End PBXVariantGroup section */

/* Begin XCBuildConfiguration section */
		884737FA2423FFB800DC7952 /* Debug */ = {
			isa = XCBuildConfiguration;
			buildSettings = {
				ALWAYS_SEARCH_USER_PATHS = NO;
				CLANG_ANALYZER_NONNULL = YES;
				CLANG_ANALYZER_NUMBER_OBJECT_CONVERSION = YES_AGGRESSIVE;
				CLANG_CXX_LANGUAGE_STANDARD = "gnu++14";
				CLANG_CXX_LIBRARY = "libc++";
				CLANG_ENABLE_MODULES = YES;
				CLANG_ENABLE_OBJC_ARC = YES;
				CLANG_ENABLE_OBJC_WEAK = YES;
				CLANG_WARN_BLOCK_CAPTURE_AUTORELEASING = YES;
				CLANG_WARN_BOOL_CONVERSION = YES;
				CLANG_WARN_COMMA = YES;
				CLANG_WARN_CONSTANT_CONVERSION = YES;
				CLANG_WARN_DEPRECATED_OBJC_IMPLEMENTATIONS = YES;
				CLANG_WARN_DIRECT_OBJC_ISA_USAGE = YES_ERROR;
				CLANG_WARN_DOCUMENTATION_COMMENTS = YES;
				CLANG_WARN_EMPTY_BODY = YES;
				CLANG_WARN_ENUM_CONVERSION = YES;
				CLANG_WARN_INFINITE_RECURSION = YES;
				CLANG_WARN_INT_CONVERSION = YES;
				CLANG_WARN_NON_LITERAL_NULL_CONVERSION = YES;
				CLANG_WARN_OBJC_IMPLICIT_RETAIN_SELF = YES;
				CLANG_WARN_OBJC_LITERAL_CONVERSION = YES;
				CLANG_WARN_OBJC_ROOT_CLASS = YES_ERROR;
				CLANG_WARN_RANGE_LOOP_ANALYSIS = YES;
				CLANG_WARN_STRICT_PROTOTYPES = YES;
				CLANG_WARN_SUSPICIOUS_MOVE = YES;
				CLANG_WARN_UNGUARDED_AVAILABILITY = YES_AGGRESSIVE;
				CLANG_WARN_UNREACHABLE_CODE = YES;
				CLANG_WARN__DUPLICATE_METHOD_MATCH = YES;
				COPY_PHASE_STRIP = NO;
				DEBUG_INFORMATION_FORMAT = dwarf;
				ENABLE_STRICT_OBJC_MSGSEND = YES;
				ENABLE_TESTABILITY = YES;
				GCC_C_LANGUAGE_STANDARD = gnu11;
				GCC_DYNAMIC_NO_PIC = NO;
				GCC_NO_COMMON_BLOCKS = YES;
				GCC_OPTIMIZATION_LEVEL = 0;
				GCC_PREPROCESSOR_DEFINITIONS = (
					"DEBUG=1",
					"$(inherited)",
				);
				GCC_WARN_64_TO_32_BIT_CONVERSION = YES;
				GCC_WARN_ABOUT_RETURN_TYPE = YES_ERROR;
				GCC_WARN_UNDECLARED_SELECTOR = YES;
				GCC_WARN_UNINITIALIZED_AUTOS = YES_AGGRESSIVE;
				GCC_WARN_UNUSED_FUNCTION = YES;
				GCC_WARN_UNUSED_VARIABLE = YES;
				IPHONEOS_DEPLOYMENT_TARGET = 13.2;
				MTL_ENABLE_DEBUG_INFO = INCLUDE_SOURCE;
				MTL_FAST_MATH = YES;
				ONLY_ACTIVE_ARCH = YES;
				SDKROOT = iphoneos;
				SWIFT_ACTIVE_COMPILATION_CONDITIONS = DEBUG;
				SWIFT_OPTIMIZATION_LEVEL = "-Onone";
			};
			name = Debug;
		};
		884737FB2423FFB800DC7952 /* Release */ = {
			isa = XCBuildConfiguration;
			buildSettings = {
				ALWAYS_SEARCH_USER_PATHS = NO;
				CLANG_ANALYZER_NONNULL = YES;
				CLANG_ANALYZER_NUMBER_OBJECT_CONVERSION = YES_AGGRESSIVE;
				CLANG_CXX_LANGUAGE_STANDARD = "gnu++14";
				CLANG_CXX_LIBRARY = "libc++";
				CLANG_ENABLE_MODULES = YES;
				CLANG_ENABLE_OBJC_ARC = YES;
				CLANG_ENABLE_OBJC_WEAK = YES;
				CLANG_WARN_BLOCK_CAPTURE_AUTORELEASING = YES;
				CLANG_WARN_BOOL_CONVERSION = YES;
				CLANG_WARN_COMMA = YES;
				CLANG_WARN_CONSTANT_CONVERSION = YES;
				CLANG_WARN_DEPRECATED_OBJC_IMPLEMENTATIONS = YES;
				CLANG_WARN_DIRECT_OBJC_ISA_USAGE = YES_ERROR;
				CLANG_WARN_DOCUMENTATION_COMMENTS = YES;
				CLANG_WARN_EMPTY_BODY = YES;
				CLANG_WARN_ENUM_CONVERSION = YES;
				CLANG_WARN_INFINITE_RECURSION = YES;
				CLANG_WARN_INT_CONVERSION = YES;
				CLANG_WARN_NON_LITERAL_NULL_CONVERSION = YES;
				CLANG_WARN_OBJC_IMPLICIT_RETAIN_SELF = YES;
				CLANG_WARN_OBJC_LITERAL_CONVERSION = YES;
				CLANG_WARN_OBJC_ROOT_CLASS = YES_ERROR;
				CLANG_WARN_RANGE_LOOP_ANALYSIS = YES;
				CLANG_WARN_STRICT_PROTOTYPES = YES;
				CLANG_WARN_SUSPICIOUS_MOVE = YES;
				CLANG_WARN_UNGUARDED_AVAILABILITY = YES_AGGRESSIVE;
				CLANG_WARN_UNREACHABLE_CODE = YES;
				CLANG_WARN__DUPLICATE_METHOD_MATCH = YES;
				COPY_PHASE_STRIP = NO;
				DEBUG_INFORMATION_FORMAT = "dwarf-with-dsym";
				ENABLE_NS_ASSERTIONS = NO;
				ENABLE_STRICT_OBJC_MSGSEND = YES;
				GCC_C_LANGUAGE_STANDARD = gnu11;
				GCC_NO_COMMON_BLOCKS = YES;
				GCC_WARN_64_TO_32_BIT_CONVERSION = YES;
				GCC_WARN_ABOUT_RETURN_TYPE = YES_ERROR;
				GCC_WARN_UNDECLARED_SELECTOR = YES;
				GCC_WARN_UNINITIALIZED_AUTOS = YES_AGGRESSIVE;
				GCC_WARN_UNUSED_FUNCTION = YES;
				GCC_WARN_UNUSED_VARIABLE = YES;
				IPHONEOS_DEPLOYMENT_TARGET = 13.2;
				MTL_ENABLE_DEBUG_INFO = NO;
				MTL_FAST_MATH = YES;
				SDKROOT = iphoneos;
				SWIFT_COMPILATION_MODE = wholemodule;
				SWIFT_OPTIMIZATION_LEVEL = "-O";
				VALIDATE_PRODUCT = YES;
			};
			name = Release;
		};
		884737FD2423FFB800DC7952 /* Debug */ = {
			isa = XCBuildConfiguration;
			buildSettings = {
				ASSETCATALOG_COMPILER_APPICON_NAME = AppIcon;
				CODE_SIGN_STYLE = Automatic;
				INFOPLIST_FILE = Example/Info.plist;
				LD_RUNPATH_SEARCH_PATHS = (
					"$(inherited)",
					"@executable_path/Frameworks",
				);
				PRODUCT_BUNDLE_IDENTIFIER = com.arzhannikov.Example;
				PRODUCT_NAME = "$(TARGET_NAME)";
				SWIFT_VERSION = 5.0;
				TARGETED_DEVICE_FAMILY = "1,2";
			};
			name = Debug;
		};
		884737FE2423FFB800DC7952 /* Release */ = {
			isa = XCBuildConfiguration;
			buildSettings = {
				ASSETCATALOG_COMPILER_APPICON_NAME = AppIcon;
				CODE_SIGN_STYLE = Automatic;
				INFOPLIST_FILE = Example/Info.plist;
				LD_RUNPATH_SEARCH_PATHS = (
					"$(inherited)",
					"@executable_path/Frameworks",
				);
				PRODUCT_BUNDLE_IDENTIFIER = com.arzhannikov.Example;
				PRODUCT_NAME = "$(TARGET_NAME)";
				SWIFT_VERSION = 5.0;
				TARGETED_DEVICE_FAMILY = "1,2";
			};
			name = Release;
		};
/* End XCBuildConfiguration section */

/* Begin XCConfigurationList section */
		884737E32423FFB400DC7952 /* Build configuration list for PBXProject "Example" */ = {
			isa = XCConfigurationList;
			buildConfigurations = (
				884737FA2423FFB800DC7952 /* Debug */,
				884737FB2423FFB800DC7952 /* Release */,
			);
			defaultConfigurationIsVisible = 0;
			defaultConfigurationName = Release;
		};
		884737FC2423FFB800DC7952 /* Build configuration list for PBXNativeTarget "Example" */ = {
			isa = XCConfigurationList;
			buildConfigurations = (
				884737FD2423FFB800DC7952 /* Debug */,
				884737FE2423FFB800DC7952 /* Release */,
			);
			defaultConfigurationIsVisible = 0;
			defaultConfigurationName = Release;
		};
/* End XCConfigurationList section */
	};
	rootObject = 884737E02423FFB400DC7952 /* Project object */;
}
